
Microsoft Visual Studio Solution File, Format Version 12.00
# Visual Studio Version 17
VisualStudioVersion = 17.14.36429.23 d17.14
MinimumVisualStudioVersion = 10.0.40219.1
Project("{FAE04EC0-301F-11D3-BF4B-00C04F79EFBC}") = "Tic-Tac-Toe Game ( Updated )", "Tic-Tac-Toe Game ( Updated ).csproj", "{2A921CF1-3F5A-4791-BD4A-9818701091D4}"
EndProject
Global
	GlobalSection(SolutionConfigurationPlatforms) = preSolution
		Debug|Any CPU = Debug|Any CPU
		Release|Any CPU = Release|Any CPU
	EndGlobalSection
	GlobalSection(ProjectConfigurationPlatforms) = postSolution
		{2A921CF1-3F5A-4791-BD4A-9818701091D4}.Debug|Any CPU.ActiveCfg = Debug|Any CPU
		{2A921CF1-3F5A-4791-BD4A-9818701091D4}.Debug|Any CPU.Build.0 = Debug|Any CPU
		{2A921CF1-3F5A-4791-BD4A-9818701091D4}.Release|Any CPU.ActiveCfg = Release|Any CPU
		{2A921CF1-3F5A-4791-BD4A-9818701091D4}.Release|Any CPU.Build.0 = Release|Any CPU
	EndGlobalSection
	GlobalSection(SolutionProperties) = preSolution
		HideSolutionNode = FALSE
	EndGlobalSection
	GlobalSection(ExtensibilityGlobals) = postSolution
		SolutionGuid = {A65B1828-F1FC-4BCC-8E3F-23BC65E00BBF}
	EndGlobalSection
EndGlobal
